<Solution>
  <Folder Name="/src/">
    <Project Path="src/Olve.SlimeRepublics/Olve.SlimeRepublics.csproj" />
  </Folder>
  <Folder Name="/test/">
    <Project Path="test/Olve.SlimeRepublics.UnitTests/Olve.SlimeRepublics.UnitTests.csproj" />
    <Project Path="test/Olve.SlimeRepublics.IntegrationTests/Olve.SlimeRepublics.IntegrationTests.csproj" />
  </Folder>
  <Folder Name="/clients/">
    <Project Path="clients/Olve.SlimeRepublics.Client/Olve.SlimeRepublics.Client.csproj" />
  </Folder>
</Solution>
